
Microsoft Visual Studio Solution File, Format Version 12.00
# Visual Studio Version 17
VisualStudioVersion = 17.7.34031.279
MinimumVisualStudioVersion = 10.0.40219.1
Project("{FAE04EC0-301F-11D3-BF4B-00C04F79EFBC}") = "aboutV", "aboutV\aboutV.csproj", "{AC74F165-0872-4196-86F7-E1937B4C083E}"
EndProject
Global
	GlobalSection(SolutionConfigurationPlatforms) = preSolution
		Debug|Any CPU = Debug|Any CPU
		Release|Any CPU = Release|Any CPU
	EndGlobalSection
	GlobalSection(ProjectConfigurationPlatforms) = postSolution
		{AC74F165-0872-4196-86F7-E1937B4C083E}.Debug|Any CPU.ActiveCfg = Debug|Any CPU
		{AC74F165-0872-4196-86F7-E1937B4C083E}.Debug|Any CPU.Build.0 = Debug|Any CPU
		{AC74F165-0872-4196-86F7-E1937B4C083E}.Release|Any CPU.ActiveCfg = Release|Any CPU
		{AC74F165-0872-4196-86F7-E1937B4C083E}.Release|Any CPU.Build.0 = Release|Any CPU
	EndGlobalSection
	GlobalSection(SolutionProperties) = preSolution
		HideSolutionNode = FALSE
	EndGlobalSection
	GlobalSection(ExtensibilityGlobals) = postSolution
		SolutionGuid = {FB035910-313C-4FE4-88FB-D4E888630D7D}
	EndGlobalSection
EndGlobal
